
Microsoft Visual Studio Solution File, Format Version 12.00
# Visual Studio Version 17
VisualStudioVersion = 17.0.31903.59
MinimumVisualStudioVersion = 10.0.40219.1
Project("{2150E333-8FDC-42A3-9474-1A3956D46DE8}") = "src", "src", "{827E0CD3-B72D-47B6-A68D-7590B98EB39B}"
EndProject
Project("{FAE04EC0-301F-11D3-BF4B-00C04F79EFBC}") = "MegaERP.Host", "src\MegaERP.Host\MegaERP.Host.csproj", "{AAF2E0C1-0C47-4576-A009-73B4C9B290E6}"
EndProject
Project("{2150E333-8FDC-42A3-9474-1A3956D46DE8}") = "Shared", "Shared", "{C8E42992-5E42-0C2B-DBFE-AA848D06431C}"
EndProject
Project("{FAE04EC0-301F-11D3-BF4B-00C04F79EFBC}") = "MegaERP.Shared.Core", "src\Shared\MegaERP.Shared.Core\MegaERP.Shared.Core.csproj", "{BFF5F9B4-CECA-4367-8AB1-C814246B4298}"
EndProject
Project("{FAE04EC0-301F-11D3-BF4B-00C04F79EFBC}") = "MegaERP.Shared.Infrastructure", "src\Shared\MegaERP.Shared.Infrastructure\MegaERP.Shared.Infrastructure.csproj", "{F0F66A71-2816-4DDC-BD3E-F79593DD6448}"
EndProject
Project("{2150E333-8FDC-42A3-9474-1A3956D46DE8}") = "Modules", "Modules", "{EC447DCF-ABFA-6E24-52A5-D7FD48A5C558}"
EndProject
Project("{2150E333-8FDC-42A3-9474-1A3956D46DE8}") = "IAM", "IAM", "{F528E1F6-8C1D-A641-996D-DF841B26501A}"
EndProject
Project("{FAE04EC0-301F-11D3-BF4B-00C04F79EFBC}") = "MegaERP.Modules.IAM.Core", "src\Modules\IAM\MegaERP.Modules.IAM.Core\MegaERP.Modules.IAM.Core.csproj", "{FF8B8571-2420-4017-BBEA-8CC0F9467FA6}"
EndProject
Project("{FAE04EC0-301F-11D3-BF4B-00C04F79EFBC}") = "MegaERP.Modules.IAM.Infrastructure", "src\Modules\IAM\MegaERP.Modules.IAM.Infrastructure\MegaERP.Modules.IAM.Infrastructure.csproj", "{BF69C7F8-8C6F-42EC-B11B-EE5D643E10A9}"
EndProject
Project("{FAE04EC0-301F-11D3-BF4B-00C04F79EFBC}") = "MegaERP.Modules.IAM.Api", "src\Modules\IAM\MegaERP.Modules.IAM.Api\MegaERP.Modules.IAM.Api.csproj", "{F0F02F77-5E64-408D-A7D8-EBB9ECF02AE6}"
EndProject
Project("{2150E333-8FDC-42A3-9474-1A3956D46DE8}") = "CMS", "CMS", "{8C754384-E9EB-285B-20DF-A7D1CC7A0B5A}"
EndProject
Project("{FAE04EC0-301F-11D3-BF4B-00C04F79EFBC}") = "MegaERP.Modules.CMS.Core", "src\Modules\CMS\MegaERP.Modules.CMS.Core\MegaERP.Modules.CMS.Core.csproj", "{4F4F6455-E2B8-46B5-A398-7372E967558A}"
EndProject
Project("{FAE04EC0-301F-11D3-BF4B-00C04F79EFBC}") = "MegaERP.Modules.CMS.Infrastructure", "src\Modules\CMS\MegaERP.Modules.CMS.Infrastructure\MegaERP.Modules.CMS.Infrastructure.csproj", "{CFBDD352-F1B0-40E9-A01F-B2C18E844007}"
EndProject
Project("{FAE04EC0-301F-11D3-BF4B-00C04F79EFBC}") = "MegaERP.Modules.CMS.Api", "src\Modules\CMS\MegaERP.Modules.CMS.Api\MegaERP.Modules.CMS.Api.csproj", "{596C3C1B-5E8E-4AF6-8A2B-2B28517C83D4}"
EndProject
Project("{2150E333-8FDC-42A3-9474-1A3956D46DE8}") = "Ecommerce", "Ecommerce", "{9A5800FD-E943-8F30-6A33-6DF01C22FF89}"
EndProject
Project("{FAE04EC0-301F-11D3-BF4B-00C04F79EFBC}") = "MegaERP.Modules.Ecommerce.Core", "src\Modules\Ecommerce\MegaERP.Modules.Ecommerce.Core\MegaERP.Modules.Ecommerce.Core.csproj", "{C3E10998-83C5-4A32-A974-3A46797FE9DB}"
EndProject
Project("{FAE04EC0-301F-11D3-BF4B-00C04F79EFBC}") = "MegaERP.Modules.Ecommerce.Infrastructure", "src\Modules\Ecommerce\MegaERP.Modules.Ecommerce.Infrastructure\MegaERP.Modules.Ecommerce.Infrastructure.csproj", "{074BC629-289F-43DA-A1F9-51CB446FD76D}"
EndProject
Project("{FAE04EC0-301F-11D3-BF4B-00C04F79EFBC}") = "MegaERP.Modules.Ecommerce.Api", "src\Modules\Ecommerce\MegaERP.Modules.Ecommerce.Api\MegaERP.Modules.Ecommerce.Api.csproj", "{A6472108-596B-415B-89AB-35FDF19F2610}"
EndProject
Project("{2150E333-8FDC-42A3-9474-1A3956D46DE8}") = "Billing", "Billing", "{61DCC6D7-ECE4-129F-6A42-39B2DD414C68}"
EndProject
Project("{FAE04EC0-301F-11D3-BF4B-00C04F79EFBC}") = "MegaERP.Modules.Billing.Core", "src\Modules\Billing\MegaERP.Modules.Billing.Core\MegaERP.Modules.Billing.Core.csproj", "{C7DE31DA-F585-4487-A9FB-4995C228C7FA}"
EndProject
Project("{FAE04EC0-301F-11D3-BF4B-00C04F79EFBC}") = "MegaERP.Modules.Billing.Infrastructure", "src\Modules\Billing\MegaERP.Modules.Billing.Infrastructure\MegaERP.Modules.Billing.Infrastructure.csproj", "{4F295C00-80EA-4288-8D23-B46DDB7E1285}"
EndProject
Project("{FAE04EC0-301F-11D3-BF4B-00C04F79EFBC}") = "MegaERP.Modules.Billing.Api", "src\Modules\Billing\MegaERP.Modules.Billing.Api\MegaERP.Modules.Billing.Api.csproj", "{79CC6A6F-10F1-424A-8305-8137D1F52F34}"
EndProject
Project("{2150E333-8FDC-42A3-9474-1A3956D46DE8}") = "HR", "HR", "{6EBCFD33-7D2C-6F0C-B60B-6B70B57F5713}"
EndProject
Project("{FAE04EC0-301F-11D3-BF4B-00C04F79EFBC}") = "MegaERP.Modules.HR.Core", "src\Modules\HR\MegaERP.Modules.HR.Core\MegaERP.Modules.HR.Core.csproj", "{33B165E0-195D-47C9-82A1-67057BBC731A}"
EndProject
Project("{FAE04EC0-301F-11D3-BF4B-00C04F79EFBC}") = "MegaERP.Modules.HR.Infrastructure", "src\Modules\HR\MegaERP.Modules.HR.Infrastructure\MegaERP.Modules.HR.Infrastructure.csproj", "{E34A94E5-307F-4FBD-B2E2-79B7676BAE78}"
EndProject
Project("{FAE04EC0-301F-11D3-BF4B-00C04F79EFBC}") = "MegaERP.Modules.HR.Api", "src\Modules\HR\MegaERP.Modules.HR.Api\MegaERP.Modules.HR.Api.csproj", "{7245F414-3BB2-4CE3-9143-D78235F84693}"
EndProject
Project("{2150E333-8FDC-42A3-9474-1A3956D46DE8}") = "Shipping", "Shipping", "{5B4949C4-60F7-B0DA-08B2-116E43E6DF0E}"
EndProject
Project("{FAE04EC0-301F-11D3-BF4B-00C04F79EFBC}") = "MegaERP.Modules.Shipping.Core", "src\Modules\Shipping\MegaERP.Modules.Shipping.Core\MegaERP.Modules.Shipping.Core.csproj", "{CA5385E4-9228-4E19-9ADC-2761B7063CA7}"
EndProject
Project("{FAE04EC0-301F-11D3-BF4B-00C04F79EFBC}") = "MegaERP.Modules.Shipping.Infrastructure", "src\Modules\Shipping\MegaERP.Modules.Shipping.Infrastructure\MegaERP.Modules.Shipping.Infrastructure.csproj", "{6299CB85-7222-4F84-8F52-B3B0F8F007F2}"
EndProject
Project("{FAE04EC0-301F-11D3-BF4B-00C04F79EFBC}") = "MegaERP.Modules.Shipping.Api", "src\Modules\Shipping\MegaERP.Modules.Shipping.Api\MegaERP.Modules.Shipping.Api.csproj", "{B0FB185B-749D-4D92-A1ED-96B9C571E825}"
EndProject
Project("{2150E333-8FDC-42A3-9474-1A3956D46DE8}") = "Sales", "Sales", "{D2CAED6B-FC59-4178-6320-5EDC21A9F743}"
EndProject
Project("{FAE04EC0-301F-11D3-BF4B-00C04F79EFBC}") = "MegaERP.Modules.Sales.Core", "src\Modules\Sales\MegaERP.Modules.Sales.Core\MegaERP.Modules.Sales.Core.csproj", "{A8C7E2AE-E7DF-459F-901C-E6CD02119EF6}"
EndProject
Project("{FAE04EC0-301F-11D3-BF4B-00C04F79EFBC}") = "MegaERP.Modules.Sales.Infrastructure", "src\Modules\Sales\MegaERP.Modules.Sales.Infrastructure\MegaERP.Modules.Sales.Infrastructure.csproj", "{0ADC059D-3BBE-4869-8D46-27901F30F174}"
EndProject
Project("{FAE04EC0-301F-11D3-BF4B-00C04F79EFBC}") = "MegaERP.Modules.Sales.Api", "src\Modules\Sales\MegaERP.Modules.Sales.Api\MegaERP.Modules.Sales.Api.csproj", "{7722EB96-6AC9-45F8-AA36-2BB0F1645EA1}"
EndProject
Project("{2150E333-8FDC-42A3-9474-1A3956D46DE8}") = "Accounting", "Accounting", "{981520C5-C4A1-C200-0F0F-BFA3F127FA90}"
EndProject
Project("{FAE04EC0-301F-11D3-BF4B-00C04F79EFBC}") = "MegaERP.Modules.Accounting.Infrastructure", "src\Modules\Accounting\MegaERP.Modules.Accounting.Infrastructure\MegaERP.Modules.Accounting.Infrastructure.csproj", "{154CE559-8D77-43F3-9F71-1A922C27B6D4}"
EndProject
Project("{FAE04EC0-301F-11D3-BF4B-00C04F79EFBC}") = "MegaERP.Modules.Accounting.Api", "src\Modules\Accounting\MegaERP.Modules.Accounting.Api\MegaERP.Modules.Accounting.Api.csproj", "{41A2E241-A7B3-4A50-BB16-AE31E988CFF5}"
EndProject
Project("{FAE04EC0-301F-11D3-BF4B-00C04F79EFBC}") = "MegaERP.Modules.Accounting.Core", "src\Modules\Accounting\MegaERP.Modules.Accounting.Core\MegaERP.Modules.Accounting.Core.csproj", "{9A376FEB-51AF-40C4-A7C8-8E97CDDA942C}"
EndProject
Project("{FAE04EC0-301F-11D3-BF4B-00C04F79EFBC}") = "MegaERP.Shared.Events", "src\Shared\MegaERP.Shared.Events\MegaERP.Shared.Events.csproj", "{3BEEE060-D29F-4741-8615-4E503F58E4B4}"
EndProject
Project("{2150E333-8FDC-42A3-9474-1A3956D46DE8}") = "Catalog", "Catalog", "{1E1EF545-4C18-AEE2-B997-7EF431518D3F}"
EndProject
Project("{FAE04EC0-301F-11D3-BF4B-00C04F79EFBC}") = "MegaERP.Modules.Catalog.Core", "src\Modules\Catalog\MegaERP.Modules.Catalog.Core\MegaERP.Modules.Catalog.Core.csproj", "{4B1EBED2-D517-406B-AEAF-FFCFF5779783}"
EndProject
Project("{FAE04EC0-301F-11D3-BF4B-00C04F79EFBC}") = "MegaERP.Modules.Catalog.Infrastructure", "src\Modules\Catalog\MegaERP.Modules.Catalog.Infrastructure\MegaERP.Modules.Catalog.Infrastructure.csproj", "{5CE33A57-86FA-4DB1-A77A-A36B4148B8A8}"
EndProject
Project("{FAE04EC0-301F-11D3-BF4B-00C04F79EFBC}") = "MegaERP.Modules.Catalog.Api", "src\Modules\Catalog\MegaERP.Modules.Catalog.Api\MegaERP.Modules.Catalog.Api.csproj", "{635E882B-BC8F-4940-8737-EE94E73A8E2E}"
EndProject
Global
	GlobalSection(SolutionConfigurationPlatforms) = preSolution
		Debug|Any CPU = Debug|Any CPU
		Debug|x64 = Debug|x64
		Debug|x86 = Debug|x86
		Release|Any CPU = Release|Any CPU
		Release|x64 = Release|x64
		Release|x86 = Release|x86
	EndGlobalSection
	GlobalSection(ProjectConfigurationPlatforms) = postSolution
		{AAF2E0C1-0C47-4576-A009-73B4C9B290E6}.Debug|Any CPU.ActiveCfg = Debug|Any CPU
		{AAF2E0C1-0C47-4576-A009-73B4C9B290E6}.Debug|Any CPU.Build.0 = Debug|Any CPU
		{AAF2E0C1-0C47-4576-A009-73B4C9B290E6}.Debug|x64.ActiveCfg = Debug|Any CPU
		{AAF2E0C1-0C47-4576-A009-73B4C9B290E6}.Debug|x64.Build.0 = Debug|Any CPU
		{AAF2E0C1-0C47-4576-A009-73B4C9B290E6}.Debug|x86.ActiveCfg = Debug|Any CPU
		{AAF2E0C1-0C47-4576-A009-73B4C9B290E6}.Debug|x86.Build.0 = Debug|Any CPU
		{AAF2E0C1-0C47-4576-A009-73B4C9B290E6}.Release|Any CPU.ActiveCfg = Release|Any CPU
		{AAF2E0C1-0C47-4576-A009-73B4C9B290E6}.Release|Any CPU.Build.0 = Release|Any CPU
		{AAF2E0C1-0C47-4576-A009-73B4C9B290E6}.Release|x64.ActiveCfg = Release|Any CPU
		{AAF2E0C1-0C47-4576-A009-73B4C9B290E6}.Release|x64.Build.0 = Release|Any CPU
		{AAF2E0C1-0C47-4576-A009-73B4C9B290E6}.Release|x86.ActiveCfg = Release|Any CPU
		{AAF2E0C1-0C47-4576-A009-73B4C9B290E6}.Release|x86.Build.0 = Release|Any CPU
		{BFF5F9B4-CECA-4367-8AB1-C814246B4298}.Debug|Any CPU.ActiveCfg = Debug|Any CPU
		{BFF5F9B4-CECA-4367-8AB1-C814246B4298}.Debug|Any CPU.Build.0 = Debug|Any CPU
		{BFF5F9B4-CECA-4367-8AB1-C814246B4298}.Debug|x64.ActiveCfg = Debug|Any CPU
		{BFF5F9B4-CECA-4367-8AB1-C814246B4298}.Debug|x64.Build.0 = Debug|Any CPU
		{BFF5F9B4-CECA-4367-8AB1-C814246B4298}.Debug|x86.ActiveCfg = Debug|Any CPU
		{BFF5F9B4-CECA-4367-8AB1-C814246B4298}.Debug|x86.Build.0 = Debug|Any CPU
		{BFF5F9B4-CECA-4367-8AB1-C814246B4298}.Release|Any CPU.ActiveCfg = Release|Any CPU
		{BFF5F9B4-CECA-4367-8AB1-C814246B4298}.Release|Any CPU.Build.0 = Release|Any CPU
		{BFF5F9B4-CECA-4367-8AB1-C814246B4298}.Release|x64.ActiveCfg = Release|Any CPU
		{BFF5F9B4-CECA-4367-8AB1-C814246B4298}.Release|x64.Build.0 = Release|Any CPU
		{BFF5F9B4-CECA-4367-8AB1-C814246B4298}.Release|x86.ActiveCfg = Release|Any CPU
		{BFF5F9B4-CECA-4367-8AB1-C814246B4298}.Release|x86.Build.0 = Release|Any CPU
		{F0F66A71-2816-4DDC-BD3E-F79593DD6448}.Debug|Any CPU.ActiveCfg = Debug|Any CPU
		{F0F66A71-2816-4DDC-BD3E-F79593DD6448}.Debug|Any CPU.Build.0 = Debug|Any CPU
		{F0F66A71-2816-4DDC-BD3E-F79593DD6448}.Debug|x64.ActiveCfg = Debug|Any CPU
		{F0F66A71-2816-4DDC-BD3E-F79593DD6448}.Debug|x64.Build.0 = Debug|Any CPU
		{F0F66A71-2816-4DDC-BD3E-F79593DD6448}.Debug|x86.ActiveCfg = Debug|Any CPU
		{F0F66A71-2816-4DDC-BD3E-F79593DD6448}.Debug|x86.Build.0 = Debug|Any CPU
		{F0F66A71-2816-4DDC-BD3E-F79593DD6448}.Release|Any CPU.ActiveCfg = Release|Any CPU
		{F0F66A71-2816-4DDC-BD3E-F79593DD6448}.Release|Any CPU.Build.0 = Release|Any CPU
		{F0F66A71-2816-4DDC-BD3E-F79593DD6448}.Release|x64.ActiveCfg = Release|Any CPU
		{F0F66A71-2816-4DDC-BD3E-F79593DD6448}.Release|x64.Build.0 = Release|Any CPU
		{F0F66A71-2816-4DDC-BD3E-F79593DD6448}.Release|x86.ActiveCfg = Release|Any CPU
		{F0F66A71-2816-4DDC-BD3E-F79593DD6448}.Release|x86.Build.0 = Release|Any CPU
		{FF8B8571-2420-4017-BBEA-8CC0F9467FA6}.Debug|Any CPU.ActiveCfg = Debug|Any CPU
		{FF8B8571-2420-4017-BBEA-8CC0F9467FA6}.Debug|Any CPU.Build.0 = Debug|Any CPU
		{FF8B8571-2420-4017-BBEA-8CC0F9467FA6}.Debug|x64.ActiveCfg = Debug|Any CPU
		{FF8B8571-2420-4017-BBEA-8CC0F9467FA6}.Debug|x64.Build.0 = Debug|Any CPU
		{FF8B8571-2420-4017-BBEA-8CC0F9467FA6}.Debug|x86.ActiveCfg = Debug|Any CPU
		{FF8B8571-2420-4017-BBEA-8CC0F9467FA6}.Debug|x86.Build.0 = Debug|Any CPU
		{FF8B8571-2420-4017-BBEA-8CC0F9467FA6}.Release|Any CPU.ActiveCfg = Release|Any CPU
		{FF8B8571-2420-4017-BBEA-8CC0F9467FA6}.Release|Any CPU.Build.0 = Release|Any CPU
		{FF8B8571-2420-4017-BBEA-8CC0F9467FA6}.Release|x64.ActiveCfg = Release|Any CPU
		{FF8B8571-2420-4017-BBEA-8CC0F9467FA6}.Release|x64.Build.0 = Release|Any CPU
		{FF8B8571-2420-4017-BBEA-8CC0F9467FA6}.Release|x86.ActiveCfg = Release|Any CPU
		{FF8B8571-2420-4017-BBEA-8CC0F9467FA6}.Release|x86.Build.0 = Release|Any CPU
		{BF69C7F8-8C6F-42EC-B11B-EE5D643E10A9}.Debug|Any CPU.ActiveCfg = Debug|Any CPU
		{BF69C7F8-8C6F-42EC-B11B-EE5D643E10A9}.Debug|Any CPU.Build.0 = Debug|Any CPU
		{BF69C7F8-8C6F-42EC-B11B-EE5D643E10A9}.Debug|x64.ActiveCfg = Debug|Any CPU
		{BF69C7F8-8C6F-42EC-B11B-EE5D643E10A9}.Debug|x64.Build.0 = Debug|Any CPU
		{BF69C7F8-8C6F-42EC-B11B-EE5D643E10A9}.Debug|x86.ActiveCfg = Debug|Any CPU
		{BF69C7F8-8C6F-42EC-B11B-EE5D643E10A9}.Debug|x86.Build.0 = Debug|Any CPU
		{BF69C7F8-8C6F-42EC-B11B-EE5D643E10A9}.Release|Any CPU.ActiveCfg = Release|Any CPU
		{BF69C7F8-8C6F-42EC-B11B-EE5D643E10A9}.Release|Any CPU.Build.0 = Release|Any CPU
		{BF69C7F8-8C6F-42EC-B11B-EE5D643E10A9}.Release|x64.ActiveCfg = Release|Any CPU
		{BF69C7F8-8C6F-42EC-B11B-EE5D643E10A9}.Release|x64.Build.0 = Release|Any CPU
		{BF69C7F8-8C6F-42EC-B11B-EE5D643E10A9}.Release|x86.ActiveCfg = Release|Any CPU
		{BF69C7F8-8C6F-42EC-B11B-EE5D643E10A9}.Release|x86.Build.0 = Release|Any CPU
		{F0F02F77-5E64-408D-A7D8-EBB9ECF02AE6}.Debug|Any CPU.ActiveCfg = Debug|Any CPU
		{F0F02F77-5E64-408D-A7D8-EBB9ECF02AE6}.Debug|Any CPU.Build.0 = Debug|Any CPU
		{F0F02F77-5E64-408D-A7D8-EBB9ECF02AE6}.Debug|x64.ActiveCfg = Debug|Any CPU
		{F0F02F77-5E64-408D-A7D8-EBB9ECF02AE6}.Debug|x64.Build.0 = Debug|Any CPU
		{F0F02F77-5E64-408D-A7D8-EBB9ECF02AE6}.Debug|x86.ActiveCfg = Debug|Any CPU
		{F0F02F77-5E64-408D-A7D8-EBB9ECF02AE6}.Debug|x86.Build.0 = Debug|Any CPU
		{F0F02F77-5E64-408D-A7D8-EBB9ECF02AE6}.Release|Any CPU.ActiveCfg = Release|Any CPU
		{F0F02F77-5E64-408D-A7D8-EBB9ECF02AE6}.Release|Any CPU.Build.0 = Release|Any CPU
		{F0F02F77-5E64-408D-A7D8-EBB9ECF02AE6}.Release|x64.ActiveCfg = Release|Any CPU
		{F0F02F77-5E64-408D-A7D8-EBB9ECF02AE6}.Release|x64.Build.0 = Release|Any CPU
		{F0F02F77-5E64-408D-A7D8-EBB9ECF02AE6}.Release|x86.ActiveCfg = Release|Any CPU
		{F0F02F77-5E64-408D-A7D8-EBB9ECF02AE6}.Release|x86.Build.0 = Release|Any CPU
		{4F4F6455-E2B8-46B5-A398-7372E967558A}.Debug|Any CPU.ActiveCfg = Debug|Any CPU
		{4F4F6455-E2B8-46B5-A398-7372E967558A}.Debug|Any CPU.Build.0 = Debug|Any CPU
		{4F4F6455-E2B8-46B5-A398-7372E967558A}.Debug|x64.ActiveCfg = Debug|Any CPU
		{4F4F6455-E2B8-46B5-A398-7372E967558A}.Debug|x64.Build.0 = Debug|Any CPU
		{4F4F6455-E2B8-46B5-A398-7372E967558A}.Debug|x86.ActiveCfg = Debug|Any CPU
		{4F4F6455-E2B8-46B5-A398-7372E967558A}.Debug|x86.Build.0 = Debug|Any CPU
		{4F4F6455-E2B8-46B5-A398-7372E967558A}.Release|Any CPU.ActiveCfg = Release|Any CPU
		{4F4F6455-E2B8-46B5-A398-7372E967558A}.Release|Any CPU.Build.0 = Release|Any CPU
		{4F4F6455-E2B8-46B5-A398-7372E967558A}.Release|x64.ActiveCfg = Release|Any CPU
		{4F4F6455-E2B8-46B5-A398-7372E967558A}.Release|x64.Build.0 = Release|Any CPU
		{4F4F6455-E2B8-46B5-A398-7372E967558A}.Release|x86.ActiveCfg = Release|Any CPU
		{4F4F6455-E2B8-46B5-A398-7372E967558A}.Release|x86.Build.0 = Release|Any CPU
		{CFBDD352-F1B0-40E9-A01F-B2C18E844007}.Debug|Any CPU.ActiveCfg = Debug|Any CPU
		{CFBDD352-F1B0-40E9-A01F-B2C18E844007}.Debug|Any CPU.Build.0 = Debug|Any CPU
		{CFBDD352-F1B0-40E9-A01F-B2C18E844007}.Debug|x64.ActiveCfg = Debug|Any CPU
		{CFBDD352-F1B0-40E9-A01F-B2C18E844007}.Debug|x64.Build.0 = Debug|Any CPU
		{CFBDD352-F1B0-40E9-A01F-B2C18E844007}.Debug|x86.ActiveCfg = Debug|Any CPU
		{CFBDD352-F1B0-40E9-A01F-B2C18E844007}.Debug|x86.Build.0 = Debug|Any CPU
		{CFBDD352-F1B0-40E9-A01F-B2C18E844007}.Release|Any CPU.ActiveCfg = Release|Any CPU
		{CFBDD352-F1B0-40E9-A01F-B2C18E844007}.Release|Any CPU.Build.0 = Release|Any CPU
		{CFBDD352-F1B0-40E9-A01F-B2C18E844007}.Release|x64.ActiveCfg = Release|Any CPU
		{CFBDD352-F1B0-40E9-A01F-B2C18E844007}.Release|x64.Build.0 = Release|Any CPU
		{CFBDD352-F1B0-40E9-A01F-B2C18E844007}.Release|x86.ActiveCfg = Release|Any CPU
		{CFBDD352-F1B0-40E9-A01F-B2C18E844007}.Release|x86.Build.0 = Release|Any CPU
		{596C3C1B-5E8E-4AF6-8A2B-2B28517C83D4}.Debug|Any CPU.ActiveCfg = Debug|Any CPU
		{596C3C1B-5E8E-4AF6-8A2B-2B28517C83D4}.Debug|Any CPU.Build.0 = Debug|Any CPU
		{596C3C1B-5E8E-4AF6-8A2B-2B28517C83D4}.Debug|x64.ActiveCfg = Debug|Any CPU
		{596C3C1B-5E8E-4AF6-8A2B-2B28517C83D4}.Debug|x64.Build.0 = Debug|Any CPU
		{596C3C1B-5E8E-4AF6-8A2B-2B28517C83D4}.Debug|x86.ActiveCfg = Debug|Any CPU
		{596C3C1B-5E8E-4AF6-8A2B-2B28517C83D4}.Debug|x86.Build.0 = Debug|Any CPU
		{596C3C1B-5E8E-4AF6-8A2B-2B28517C83D4}.Release|Any CPU.ActiveCfg = Release|Any CPU
		{596C3C1B-5E8E-4AF6-8A2B-2B28517C83D4}.Release|Any CPU.Build.0 = Release|Any CPU
		{596C3C1B-5E8E-4AF6-8A2B-2B28517C83D4}.Release|x64.ActiveCfg = Release|Any CPU
		{596C3C1B-5E8E-4AF6-8A2B-2B28517C83D4}.Release|x64.Build.0 = Release|Any CPU
		{596C3C1B-5E8E-4AF6-8A2B-2B28517C83D4}.Release|x86.ActiveCfg = Release|Any CPU
		{596C3C1B-5E8E-4AF6-8A2B-2B28517C83D4}.Release|x86.Build.0 = Release|Any CPU
		{C3E10998-83C5-4A32-A974-3A46797FE9DB}.Debug|Any CPU.ActiveCfg = Debug|Any CPU
		{C3E10998-83C5-4A32-A974-3A46797FE9DB}.Debug|Any CPU.Build.0 = Debug|Any CPU
		{C3E10998-83C5-4A32-A974-3A46797FE9DB}.Debug|x64.ActiveCfg = Debug|Any CPU
		{C3E10998-83C5-4A32-A974-3A46797FE9DB}.Debug|x64.Build.0 = Debug|Any CPU
		{C3E10998-83C5-4A32-A974-3A46797FE9DB}.Debug|x86.ActiveCfg = Debug|Any CPU
		{C3E10998-83C5-4A32-A974-3A46797FE9DB}.Debug|x86.Build.0 = Debug|Any CPU
		{C3E10998-83C5-4A32-A974-3A46797FE9DB}.Release|Any CPU.ActiveCfg = Release|Any CPU
		{C3E10998-83C5-4A32-A974-3A46797FE9DB}.Release|Any CPU.Build.0 = Release|Any CPU
		{C3E10998-83C5-4A32-A974-3A46797FE9DB}.Release|x64.ActiveCfg = Release|Any CPU
		{C3E10998-83C5-4A32-A974-3A46797FE9DB}.Release|x64.Build.0 = Release|Any CPU
		{C3E10998-83C5-4A32-A974-3A46797FE9DB}.Release|x86.ActiveCfg = Release|Any CPU
		{C3E10998-83C5-4A32-A974-3A46797FE9DB}.Release|x86.Build.0 = Release|Any CPU
		{074BC629-289F-43DA-A1F9-51CB446FD76D}.Debug|Any CPU.ActiveCfg = Debug|Any CPU
		{074BC629-289F-43DA-A1F9-51CB446FD76D}.Debug|Any CPU.Build.0 = Debug|Any CPU
		{074BC629-289F-43DA-A1F9-51CB446FD76D}.Debug|x64.ActiveCfg = Debug|Any CPU
		{074BC629-289F-43DA-A1F9-51CB446FD76D}.Debug|x64.Build.0 = Debug|Any CPU
		{074BC629-289F-43DA-A1F9-51CB446FD76D}.Debug|x86.ActiveCfg = Debug|Any CPU
		{074BC629-289F-43DA-A1F9-51CB446FD76D}.Debug|x86.Build.0 = Debug|Any CPU
		{074BC629-289F-43DA-A1F9-51CB446FD76D}.Release|Any CPU.ActiveCfg = Release|Any CPU
		{074BC629-289F-43DA-A1F9-51CB446FD76D}.Release|Any CPU.Build.0 = Release|Any CPU
		{074BC629-289F-43DA-A1F9-51CB446FD76D}.Release|x64.ActiveCfg = Release|Any CPU
		{074BC629-289F-43DA-A1F9-51CB446FD76D}.Release|x64.Build.0 = Release|Any CPU
		{074BC629-289F-43DA-A1F9-51CB446FD76D}.Release|x86.ActiveCfg = Release|Any CPU
		{074BC629-289F-43DA-A1F9-51CB446FD76D}.Release|x86.Build.0 = Release|Any CPU
		{A6472108-596B-415B-89AB-35FDF19F2610}.Debug|Any CPU.ActiveCfg = Debug|Any CPU
		{A6472108-596B-415B-89AB-35FDF19F2610}.Debug|Any CPU.Build.0 = Debug|Any CPU
		{A6472108-596B-415B-89AB-35FDF19F2610}.Debug|x64.ActiveCfg = Debug|Any CPU
		{A6472108-596B-415B-89AB-35FDF19F2610}.Debug|x64.Build.0 = Debug|Any CPU
		{A6472108-596B-415B-89AB-35FDF19F2610}.Debug|x86.ActiveCfg = Debug|Any CPU
		{A6472108-596B-415B-89AB-35FDF19F2610}.Debug|x86.Build.0 = Debug|Any CPU
		{A6472108-596B-415B-89AB-35FDF19F2610}.Release|Any CPU.ActiveCfg = Release|Any CPU
		{A6472108-596B-415B-89AB-35FDF19F2610}.Release|Any CPU.Build.0 = Release|Any CPU
		{A6472108-596B-415B-89AB-35FDF19F2610}.Release|x64.ActiveCfg = Release|Any CPU
		{A6472108-596B-415B-89AB-35FDF19F2610}.Release|x64.Build.0 = Release|Any CPU
		{A6472108-596B-415B-89AB-35FDF19F2610}.Release|x86.ActiveCfg = Release|Any CPU
		{A6472108-596B-415B-89AB-35FDF19F2610}.Release|x86.Build.0 = Release|Any CPU
		{C7DE31DA-F585-4487-A9FB-4995C228C7FA}.Debug|Any CPU.ActiveCfg = Debug|Any CPU
		{C7DE31DA-F585-4487-A9FB-4995C228C7FA}.Debug|Any CPU.Build.0 = Debug|Any CPU
		{C7DE31DA-F585-4487-A9FB-4995C228C7FA}.Debug|x64.ActiveCfg = Debug|Any CPU
		{C7DE31DA-F585-4487-A9FB-4995C228C7FA}.Debug|x64.Build.0 = Debug|Any CPU
		{C7DE31DA-F585-4487-A9FB-4995C228C7FA}.Debug|x86.ActiveCfg = Debug|Any CPU
		{C7DE31DA-F585-4487-A9FB-4995C228C7FA}.Debug|x86.Build.0 = Debug|Any CPU
		{C7DE31DA-F585-4487-A9FB-4995C228C7FA}.Release|Any CPU.ActiveCfg = Release|Any CPU
		{C7DE31DA-F585-4487-A9FB-4995C228C7FA}.Release|Any CPU.Build.0 = Release|Any CPU
		{C7DE31DA-F585-4487-A9FB-4995C228C7FA}.Release|x64.ActiveCfg = Release|Any CPU
		{C7DE31DA-F585-4487-A9FB-4995C228C7FA}.Release|x64.Build.0 = Release|Any CPU
		{C7DE31DA-F585-4487-A9FB-4995C228C7FA}.Release|x86.ActiveCfg = Release|Any CPU
		{C7DE31DA-F585-4487-A9FB-4995C228C7FA}.Release|x86.Build.0 = Release|Any CPU
		{4F295C00-80EA-4288-8D23-B46DDB7E1285}.Debug|Any CPU.ActiveCfg = Debug|Any CPU
		{4F295C00-80EA-4288-8D23-B46DDB7E1285}.Debug|Any CPU.Build.0 = Debug|Any CPU
		{4F295C00-80EA-4288-8D23-B46DDB7E1285}.Debug|x64.ActiveCfg = Debug|Any CPU
		{4F295C00-80EA-4288-8D23-B46DDB7E1285}.Debug|x64.Build.0 = Debug|Any CPU
		{4F295C00-80EA-4288-8D23-B46DDB7E1285}.Debug|x86.ActiveCfg = Debug|Any CPU
		{4F295C00-80EA-4288-8D23-B46DDB7E1285}.Debug|x86.Build.0 = Debug|Any CPU
		{4F295C00-80EA-4288-8D23-B46DDB7E1285}.Release|Any CPU.ActiveCfg = Release|Any CPU
		{4F295C00-80EA-4288-8D23-B46DDB7E1285}.Release|Any CPU.Build.0 = Release|Any CPU
		{4F295C00-80EA-4288-8D23-B46DDB7E1285}.Release|x64.ActiveCfg = Release|Any CPU
		{4F295C00-80EA-4288-8D23-B46DDB7E1285}.Release|x64.Build.0 = Release|Any CPU
		{4F295C00-80EA-4288-8D23-B46DDB7E1285}.Release|x86.ActiveCfg = Release|Any CPU
		{4F295C00-80EA-4288-8D23-B46DDB7E1285}.Release|x86.Build.0 = Release|Any CPU
		{79CC6A6F-10F1-424A-8305-8137D1F52F34}.Debug|Any CPU.ActiveCfg = Debug|Any CPU
		{79CC6A6F-10F1-424A-8305-8137D1F52F34}.Debug|Any CPU.Build.0 = Debug|Any CPU
		{79CC6A6F-10F1-424A-8305-8137D1F52F34}.Debug|x64.ActiveCfg = Debug|Any CPU
		{79CC6A6F-10F1-424A-8305-8137D1F52F34}.Debug|x64.Build.0 = Debug|Any CPU
		{79CC6A6F-10F1-424A-8305-8137D1F52F34}.Debug|x86.ActiveCfg = Debug|Any CPU
		{79CC6A6F-10F1-424A-8305-8137D1F52F34}.Debug|x86.Build.0 = Debug|Any CPU
		{79CC6A6F-10F1-424A-8305-8137D1F52F34}.Release|Any CPU.ActiveCfg = Release|Any CPU
		{79CC6A6F-10F1-424A-8305-8137D1F52F34}.Release|Any CPU.Build.0 = Release|Any CPU
		{79CC6A6F-10F1-424A-8305-8137D1F52F34}.Release|x64.ActiveCfg = Release|Any CPU
		{79CC6A6F-10F1-424A-8305-8137D1F52F34}.Release|x64.Build.0 = Release|Any CPU
		{79CC6A6F-10F1-424A-8305-8137D1F52F34}.Release|x86.ActiveCfg = Release|Any CPU
		{79CC6A6F-10F1-424A-8305-8137D1F52F34}.Release|x86.Build.0 = Release|Any CPU
		{33B165E0-195D-47C9-82A1-67057BBC731A}.Debug|Any CPU.ActiveCfg = Debug|Any CPU
		{33B165E0-195D-47C9-82A1-67057BBC731A}.Debug|Any CPU.Build.0 = Debug|Any CPU
		{33B165E0-195D-47C9-82A1-67057BBC731A}.Debug|x64.ActiveCfg = Debug|Any CPU
		{33B165E0-195D-47C9-82A1-67057BBC731A}.Debug|x64.Build.0 = Debug|Any CPU
		{33B165E0-195D-47C9-82A1-67057BBC731A}.Debug|x86.ActiveCfg = Debug|Any CPU
		{33B165E0-195D-47C9-82A1-67057BBC731A}.Debug|x86.Build.0 = Debug|Any CPU
		{33B165E0-195D-47C9-82A1-67057BBC731A}.Release|Any CPU.ActiveCfg = Release|Any CPU
		{33B165E0-195D-47C9-82A1-67057BBC731A}.Release|Any CPU.Build.0 = Release|Any CPU
		{33B165E0-195D-47C9-82A1-67057BBC731A}.Release|x64.ActiveCfg = Release|Any CPU
		{33B165E0-195D-47C9-82A1-67057BBC731A}.Release|x64.Build.0 = Release|Any CPU
		{33B165E0-195D-47C9-82A1-67057BBC731A}.Release|x86.ActiveCfg = Release|Any CPU
		{33B165E0-195D-47C9-82A1-67057BBC731A}.Release|x86.Build.0 = Release|Any CPU
		{E34A94E5-307F-4FBD-B2E2-79B7676BAE78}.Debug|Any CPU.ActiveCfg = Debug|Any CPU
		{E34A94E5-307F-4FBD-B2E2-79B7676BAE78}.Debug|Any CPU.Build.0 = Debug|Any CPU
		{E34A94E5-307F-4FBD-B2E2-79B7676BAE78}.Debug|x64.ActiveCfg = Debug|Any CPU
		{E34A94E5-307F-4FBD-B2E2-79B7676BAE78}.Debug|x64.Build.0 = Debug|Any CPU
		{E34A94E5-307F-4FBD-B2E2-79B7676BAE78}.Debug|x86.ActiveCfg = Debug|Any CPU
		{E34A94E5-307F-4FBD-B2E2-79B7676BAE78}.Debug|x86.Build.0 = Debug|Any CPU
		{E34A94E5-307F-4FBD-B2E2-79B7676BAE78}.Release|Any CPU.ActiveCfg = Release|Any CPU
		{E34A94E5-307F-4FBD-B2E2-79B7676BAE78}.Release|Any CPU.Build.0 = Release|Any CPU
		{E34A94E5-307F-4FBD-B2E2-79B7676BAE78}.Release|x64.ActiveCfg = Release|Any CPU
		{E34A94E5-307F-4FBD-B2E2-79B7676BAE78}.Release|x64.Build.0 = Release|Any CPU
		{E34A94E5-307F-4FBD-B2E2-79B7676BAE78}.Release|x86.ActiveCfg = Release|Any CPU
		{E34A94E5-307F-4FBD-B2E2-79B7676BAE78}.Release|x86.Build.0 = Release|Any CPU
		{7245F414-3BB2-4CE3-9143-D78235F84693}.Debug|Any CPU.ActiveCfg = Debug|Any CPU
		{7245F414-3BB2-4CE3-9143-D78235F84693}.Debug|Any CPU.Build.0 = Debug|Any CPU
		{7245F414-3BB2-4CE3-9143-D78235F84693}.Debug|x64.ActiveCfg = Debug|Any CPU
		{7245F414-3BB2-4CE3-9143-D78235F84693}.Debug|x64.Build.0 = Debug|Any CPU
		{7245F414-3BB2-4CE3-9143-D78235F84693}.Debug|x86.ActiveCfg = Debug|Any CPU
		{7245F414-3BB2-4CE3-9143-D78235F84693}.Debug|x86.Build.0 = Debug|Any CPU
		{7245F414-3BB2-4CE3-9143-D78235F84693}.Release|Any CPU.ActiveCfg = Release|Any CPU
		{7245F414-3BB2-4CE3-9143-D78235F84693}.Release|Any CPU.Build.0 = Release|Any CPU
		{7245F414-3BB2-4CE3-9143-D78235F84693}.Release|x64.ActiveCfg = Release|Any CPU
		{7245F414-3BB2-4CE3-9143-D78235F84693}.Release|x64.Build.0 = Release|Any CPU
		{7245F414-3BB2-4CE3-9143-D78235F84693}.Release|x86.ActiveCfg = Release|Any CPU
		{7245F414-3BB2-4CE3-9143-D78235F84693}.Release|x86.Build.0 = Release|Any CPU
		{CA5385E4-9228-4E19-9ADC-2761B7063CA7}.Debug|Any CPU.ActiveCfg = Debug|Any CPU
		{CA5385E4-9228-4E19-9ADC-2761B7063CA7}.Debug|Any CPU.Build.0 = Debug|Any CPU
		{CA5385E4-9228-4E19-9ADC-2761B7063CA7}.Debug|x64.ActiveCfg = Debug|Any CPU
		{CA5385E4-9228-4E19-9ADC-2761B7063CA7}.Debug|x64.Build.0 = Debug|Any CPU
		{CA5385E4-9228-4E19-9ADC-2761B7063CA7}.Debug|x86.ActiveCfg = Debug|Any CPU
		{CA5385E4-9228-4E19-9ADC-2761B7063CA7}.Debug|x86.Build.0 = Debug|Any CPU
		{CA5385E4-9228-4E19-9ADC-2761B7063CA7}.Release|Any CPU.ActiveCfg = Release|Any CPU
		{CA5385E4-9228-4E19-9ADC-2761B7063CA7}.Release|Any CPU.Build.0 = Release|Any CPU
		{CA5385E4-9228-4E19-9ADC-2761B7063CA7}.Release|x64.ActiveCfg = Release|Any CPU
		{CA5385E4-9228-4E19-9ADC-2761B7063CA7}.Release|x64.Build.0 = Release|Any CPU
		{CA5385E4-9228-4E19-9ADC-2761B7063CA7}.Release|x86.ActiveCfg = Release|Any CPU
		{CA5385E4-9228-4E19-9ADC-2761B7063CA7}.Release|x86.Build.0 = Release|Any CPU
		{6299CB85-7222-4F84-8F52-B3B0F8F007F2}.Debug|Any CPU.ActiveCfg = Debug|Any CPU
		{6299CB85-7222-4F84-8F52-B3B0F8F007F2}.Debug|Any CPU.Build.0 = Debug|Any CPU
		{6299CB85-7222-4F84-8F52-B3B0F8F007F2}.Debug|x64.ActiveCfg = Debug|Any CPU
		{6299CB85-7222-4F84-8F52-B3B0F8F007F2}.Debug|x64.Build.0 = Debug|Any CPU
		{6299CB85-7222-4F84-8F52-B3B0F8F007F2}.Debug|x86.ActiveCfg = Debug|Any CPU
		{6299CB85-7222-4F84-8F52-B3B0F8F007F2}.Debug|x86.Build.0 = Debug|Any CPU
		{6299CB85-7222-4F84-8F52-B3B0F8F007F2}.Release|Any CPU.ActiveCfg = Release|Any CPU
		{6299CB85-7222-4F84-8F52-B3B0F8F007F2}.Release|Any CPU.Build.0 = Release|Any CPU
		{6299CB85-7222-4F84-8F52-B3B0F8F007F2}.Release|x64.ActiveCfg = Release|Any CPU
		{6299CB85-7222-4F84-8F52-B3B0F8F007F2}.Release|x64.Build.0 = Release|Any CPU
		{6299CB85-7222-4F84-8F52-B3B0F8F007F2}.Release|x86.ActiveCfg = Release|Any CPU
		{6299CB85-7222-4F84-8F52-B3B0F8F007F2}.Release|x86.Build.0 = Release|Any CPU
		{B0FB185B-749D-4D92-A1ED-96B9C571E825}.Debug|Any CPU.ActiveCfg = Debug|Any CPU
		{B0FB185B-749D-4D92-A1ED-96B9C571E825}.Debug|Any CPU.Build.0 = Debug|Any CPU
		{B0FB185B-749D-4D92-A1ED-96B9C571E825}.Debug|x64.ActiveCfg = Debug|Any CPU
		{B0FB185B-749D-4D92-A1ED-96B9C571E825}.Debug|x64.Build.0 = Debug|Any CPU
		{B0FB185B-749D-4D92-A1ED-96B9C571E825}.Debug|x86.ActiveCfg = Debug|Any CPU
		{B0FB185B-749D-4D92-A1ED-96B9C571E825}.Debug|x86.Build.0 = Debug|Any CPU
		{B0FB185B-749D-4D92-A1ED-96B9C571E825}.Release|Any CPU.ActiveCfg = Release|Any CPU
		{B0FB185B-749D-4D92-A1ED-96B9C571E825}.Release|Any CPU.Build.0 = Release|Any CPU
		{B0FB185B-749D-4D92-A1ED-96B9C571E825}.Release|x64.ActiveCfg = Release|Any CPU
		{B0FB185B-749D-4D92-A1ED-96B9C571E825}.Release|x64.Build.0 = Release|Any CPU
		{B0FB185B-749D-4D92-A1ED-96B9C571E825}.Release|x86.ActiveCfg = Release|Any CPU
		{B0FB185B-749D-4D92-A1ED-96B9C571E825}.Release|x86.Build.0 = Release|Any CPU
		{A8C7E2AE-E7DF-459F-901C-E6CD02119EF6}.Debug|Any CPU.ActiveCfg = Debug|Any CPU
		{A8C7E2AE-E7DF-459F-901C-E6CD02119EF6}.Debug|Any CPU.Build.0 = Debug|Any CPU
		{A8C7E2AE-E7DF-459F-901C-E6CD02119EF6}.Debug|x64.ActiveCfg = Debug|Any CPU
		{A8C7E2AE-E7DF-459F-901C-E6CD02119EF6}.Debug|x64.Build.0 = Debug|Any CPU
		{A8C7E2AE-E7DF-459F-901C-E6CD02119EF6}.Debug|x86.ActiveCfg = Debug|Any CPU
		{A8C7E2AE-E7DF-459F-901C-E6CD02119EF6}.Debug|x86.Build.0 = Debug|Any CPU
		{A8C7E2AE-E7DF-459F-901C-E6CD02119EF6}.Release|Any CPU.ActiveCfg = Release|Any CPU
		{A8C7E2AE-E7DF-459F-901C-E6CD02119EF6}.Release|Any CPU.Build.0 = Release|Any CPU
		{A8C7E2AE-E7DF-459F-901C-E6CD02119EF6}.Release|x64.ActiveCfg = Release|Any CPU
		{A8C7E2AE-E7DF-459F-901C-E6CD02119EF6}.Release|x64.Build.0 = Release|Any CPU
		{A8C7E2AE-E7DF-459F-901C-E6CD02119EF6}.Release|x86.ActiveCfg = Release|Any CPU
		{A8C7E2AE-E7DF-459F-901C-E6CD02119EF6}.Release|x86.Build.0 = Release|Any CPU
		{0ADC059D-3BBE-4869-8D46-27901F30F174}.Debug|Any CPU.ActiveCfg = Debug|Any CPU
		{0ADC059D-3BBE-4869-8D46-27901F30F174}.Debug|Any CPU.Build.0 = Debug|Any CPU
		{0ADC059D-3BBE-4869-8D46-27901F30F174}.Debug|x64.ActiveCfg = Debug|Any CPU
		{0ADC059D-3BBE-4869-8D46-27901F30F174}.Debug|x64.Build.0 = Debug|Any CPU
		{0ADC059D-3BBE-4869-8D46-27901F30F174}.Debug|x86.ActiveCfg = Debug|Any CPU
		{0ADC059D-3BBE-4869-8D46-27901F30F174}.Debug|x86.Build.0 = Debug|Any CPU
		{0ADC059D-3BBE-4869-8D46-27901F30F174}.Release|Any CPU.ActiveCfg = Release|Any CPU
		{0ADC059D-3BBE-4869-8D46-27901F30F174}.Release|Any CPU.Build.0 = Release|Any CPU
		{0ADC059D-3BBE-4869-8D46-27901F30F174}.Release|x64.ActiveCfg = Release|Any CPU
		{0ADC059D-3BBE-4869-8D46-27901F30F174}.Release|x64.Build.0 = Release|Any CPU
		{0ADC059D-3BBE-4869-8D46-27901F30F174}.Release|x86.ActiveCfg = Release|Any CPU
		{0ADC059D-3BBE-4869-8D46-27901F30F174}.Release|x86.Build.0 = Release|Any CPU
		{7722EB96-6AC9-45F8-AA36-2BB0F1645EA1}.Debug|Any CPU.ActiveCfg = Debug|Any CPU
		{7722EB96-6AC9-45F8-AA36-2BB0F1645EA1}.Debug|Any CPU.Build.0 = Debug|Any CPU
		{7722EB96-6AC9-45F8-AA36-2BB0F1645EA1}.Debug|x64.ActiveCfg = Debug|Any CPU
		{7722EB96-6AC9-45F8-AA36-2BB0F1645EA1}.Debug|x64.Build.0 = Debug|Any CPU
		{7722EB96-6AC9-45F8-AA36-2BB0F1645EA1}.Debug|x86.ActiveCfg = Debug|Any CPU
		{7722EB96-6AC9-45F8-AA36-2BB0F1645EA1}.Debug|x86.Build.0 = Debug|Any CPU
		{7722EB96-6AC9-45F8-AA36-2BB0F1645EA1}.Release|Any CPU.ActiveCfg = Release|Any CPU
		{7722EB96-6AC9-45F8-AA36-2BB0F1645EA1}.Release|Any CPU.Build.0 = Release|Any CPU
		{7722EB96-6AC9-45F8-AA36-2BB0F1645EA1}.Release|x64.ActiveCfg = Release|Any CPU
		{7722EB96-6AC9-45F8-AA36-2BB0F1645EA1}.Release|x64.Build.0 = Release|Any CPU
		{7722EB96-6AC9-45F8-AA36-2BB0F1645EA1}.Release|x86.ActiveCfg = Release|Any CPU
		{7722EB96-6AC9-45F8-AA36-2BB0F1645EA1}.Release|x86.Build.0 = Release|Any CPU
		{154CE559-8D77-43F3-9F71-1A922C27B6D4}.Debug|Any CPU.ActiveCfg = Debug|Any CPU
		{154CE559-8D77-43F3-9F71-1A922C27B6D4}.Debug|Any CPU.Build.0 = Debug|Any CPU
		{154CE559-8D77-43F3-9F71-1A922C27B6D4}.Debug|x64.ActiveCfg = Debug|Any CPU
		{154CE559-8D77-43F3-9F71-1A922C27B6D4}.Debug|x64.Build.0 = Debug|Any CPU
		{154CE559-8D77-43F3-9F71-1A922C27B6D4}.Debug|x86.ActiveCfg = Debug|Any CPU
		{154CE559-8D77-43F3-9F71-1A922C27B6D4}.Debug|x86.Build.0 = Debug|Any CPU
		{154CE559-8D77-43F3-9F71-1A922C27B6D4}.Release|Any CPU.ActiveCfg = Release|Any CPU
		{154CE559-8D77-43F3-9F71-1A922C27B6D4}.Release|Any CPU.Build.0 = Release|Any CPU
		{154CE559-8D77-43F3-9F71-1A922C27B6D4}.Release|x64.ActiveCfg = Release|Any CPU
		{154CE559-8D77-43F3-9F71-1A922C27B6D4}.Release|x64.Build.0 = Release|Any CPU
		{154CE559-8D77-43F3-9F71-1A922C27B6D4}.Release|x86.ActiveCfg = Release|Any CPU
		{154CE559-8D77-43F3-9F71-1A922C27B6D4}.Release|x86.Build.0 = Release|Any CPU
		{41A2E241-A7B3-4A50-BB16-AE31E988CFF5}.Debug|Any CPU.ActiveCfg = Debug|Any CPU
		{41A2E241-A7B3-4A50-BB16-AE31E988CFF5}.Debug|Any CPU.Build.0 = Debug|Any CPU
		{41A2E241-A7B3-4A50-BB16-AE31E988CFF5}.Debug|x64.ActiveCfg = Debug|Any CPU
		{41A2E241-A7B3-4A50-BB16-AE31E988CFF5}.Debug|x64.Build.0 = Debug|Any CPU
		{41A2E241-A7B3-4A50-BB16-AE31E988CFF5}.Debug|x86.ActiveCfg = Debug|Any CPU
		{41A2E241-A7B3-4A50-BB16-AE31E988CFF5}.Debug|x86.Build.0 = Debug|Any CPU
		{41A2E241-A7B3-4A50-BB16-AE31E988CFF5}.Release|Any CPU.ActiveCfg = Release|Any CPU
		{41A2E241-A7B3-4A50-BB16-AE31E988CFF5}.Release|Any CPU.Build.0 = Release|Any CPU
		{41A2E241-A7B3-4A50-BB16-AE31E988CFF5}.Release|x64.ActiveCfg = Release|Any CPU
		{41A2E241-A7B3-4A50-BB16-AE31E988CFF5}.Release|x64.Build.0 = Release|Any CPU
		{41A2E241-A7B3-4A50-BB16-AE31E988CFF5}.Release|x86.ActiveCfg = Release|Any CPU
		{41A2E241-A7B3-4A50-BB16-AE31E988CFF5}.Release|x86.Build.0 = Release|Any CPU
		{9A376FEB-51AF-40C4-A7C8-8E97CDDA942C}.Debug|Any CPU.ActiveCfg = Debug|Any CPU
		{9A376FEB-51AF-40C4-A7C8-8E97CDDA942C}.Debug|Any CPU.Build.0 = Debug|Any CPU
		{9A376FEB-51AF-40C4-A7C8-8E97CDDA942C}.Debug|x64.ActiveCfg = Debug|Any CPU
		{9A376FEB-51AF-40C4-A7C8-8E97CDDA942C}.Debug|x64.Build.0 = Debug|Any CPU
		{9A376FEB-51AF-40C4-A7C8-8E97CDDA942C}.Debug|x86.ActiveCfg = Debug|Any CPU
		{9A376FEB-51AF-40C4-A7C8-8E97CDDA942C}.Debug|x86.Build.0 = Debug|Any CPU
		{9A376FEB-51AF-40C4-A7C8-8E97CDDA942C}.Release|Any CPU.ActiveCfg = Release|Any CPU
		{9A376FEB-51AF-40C4-A7C8-8E97CDDA942C}.Release|Any CPU.Build.0 = Release|Any CPU
		{9A376FEB-51AF-40C4-A7C8-8E97CDDA942C}.Release|x64.ActiveCfg = Release|Any CPU
		{9A376FEB-51AF-40C4-A7C8-8E97CDDA942C}.Release|x64.Build.0 = Release|Any CPU
		{9A376FEB-51AF-40C4-A7C8-8E97CDDA942C}.Release|x86.ActiveCfg = Release|Any CPU
		{9A376FEB-51AF-40C4-A7C8-8E97CDDA942C}.Release|x86.Build.0 = Release|Any CPU
		{3BEEE060-D29F-4741-8615-4E503F58E4B4}.Debug|Any CPU.ActiveCfg = Debug|Any CPU
		{3BEEE060-D29F-4741-8615-4E503F58E4B4}.Debug|Any CPU.Build.0 = Debug|Any CPU
		{3BEEE060-D29F-4741-8615-4E503F58E4B4}.Debug|x64.ActiveCfg = Debug|Any CPU
		{3BEEE060-D29F-4741-8615-4E503F58E4B4}.Debug|x64.Build.0 = Debug|Any CPU
		{3BEEE060-D29F-4741-8615-4E503F58E4B4}.Debug|x86.ActiveCfg = Debug|Any CPU
		{3BEEE060-D29F-4741-8615-4E503F58E4B4}.Debug|x86.Build.0 = Debug|Any CPU
		{3BEEE060-D29F-4741-8615-4E503F58E4B4}.Release|Any CPU.ActiveCfg = Release|Any CPU
		{3BEEE060-D29F-4741-8615-4E503F58E4B4}.Release|Any CPU.Build.0 = Release|Any CPU
		{3BEEE060-D29F-4741-8615-4E503F58E4B4}.Release|x64.ActiveCfg = Release|Any CPU
		{3BEEE060-D29F-4741-8615-4E503F58E4B4}.Release|x64.Build.0 = Release|Any CPU
		{3BEEE060-D29F-4741-8615-4E503F58E4B4}.Release|x86.ActiveCfg = Release|Any CPU
		{3BEEE060-D29F-4741-8615-4E503F58E4B4}.Release|x86.Build.0 = Release|Any CPU
		{4B1EBED2-D517-406B-AEAF-FFCFF5779783}.Debug|Any CPU.ActiveCfg = Debug|Any CPU
		{4B1EBED2-D517-406B-AEAF-FFCFF5779783}.Debug|Any CPU.Build.0 = Debug|Any CPU
		{4B1EBED2-D517-406B-AEAF-FFCFF5779783}.Debug|x64.ActiveCfg = Debug|Any CPU
		{4B1EBED2-D517-406B-AEAF-FFCFF5779783}.Debug|x64.Build.0 = Debug|Any CPU
		{4B1EBED2-D517-406B-AEAF-FFCFF5779783}.Debug|x86.ActiveCfg = Debug|Any CPU
		{4B1EBED2-D517-406B-AEAF-FFCFF5779783}.Debug|x86.Build.0 = Debug|Any CPU
		{4B1EBED2-D517-406B-AEAF-FFCFF5779783}.Release|Any CPU.ActiveCfg = Release|Any CPU
		{4B1EBED2-D517-406B-AEAF-FFCFF5779783}.Release|Any CPU.Build.0 = Release|Any CPU
		{4B1EBED2-D517-406B-AEAF-FFCFF5779783}.Release|x64.ActiveCfg = Release|Any CPU
		{4B1EBED2-D517-406B-AEAF-FFCFF5779783}.Release|x64.Build.0 = Release|Any CPU
		{4B1EBED2-D517-406B-AEAF-FFCFF5779783}.Release|x86.ActiveCfg = Release|Any CPU
		{4B1EBED2-D517-406B-AEAF-FFCFF5779783}.Release|x86.Build.0 = Release|Any CPU
		{5CE33A57-86FA-4DB1-A77A-A36B4148B8A8}.Debug|Any CPU.ActiveCfg = Debug|Any CPU
		{5CE33A57-86FA-4DB1-A77A-A36B4148B8A8}.Debug|Any CPU.Build.0 = Debug|Any CPU
		{5CE33A57-86FA-4DB1-A77A-A36B4148B8A8}.Debug|x64.ActiveCfg = Debug|Any CPU
		{5CE33A57-86FA-4DB1-A77A-A36B4148B8A8}.Debug|x64.Build.0 = Debug|Any CPU
		{5CE33A57-86FA-4DB1-A77A-A36B4148B8A8}.Debug|x86.ActiveCfg = Debug|Any CPU
		{5CE33A57-86FA-4DB1-A77A-A36B4148B8A8}.Debug|x86.Build.0 = Debug|Any CPU
		{5CE33A57-86FA-4DB1-A77A-A36B4148B8A8}.Release|Any CPU.ActiveCfg = Release|Any CPU
		{5CE33A57-86FA-4DB1-A77A-A36B4148B8A8}.Release|Any CPU.Build.0 = Release|Any CPU
		{5CE33A57-86FA-4DB1-A77A-A36B4148B8A8}.Release|x64.ActiveCfg = Release|Any CPU
		{5CE33A57-86FA-4DB1-A77A-A36B4148B8A8}.Release|x64.Build.0 = Release|Any CPU
		{5CE33A57-86FA-4DB1-A77A-A36B4148B8A8}.Release|x86.ActiveCfg = Release|Any CPU
		{5CE33A57-86FA-4DB1-A77A-A36B4148B8A8}.Release|x86.Build.0 = Release|Any CPU
		{635E882B-BC8F-4940-8737-EE94E73A8E2E}.Debug|Any CPU.ActiveCfg = Debug|Any CPU
		{635E882B-BC8F-4940-8737-EE94E73A8E2E}.Debug|Any CPU.Build.0 = Debug|Any CPU
		{635E882B-BC8F-4940-8737-EE94E73A8E2E}.Debug|x64.ActiveCfg = Debug|Any CPU
		{635E882B-BC8F-4940-8737-EE94E73A8E2E}.Debug|x64.Build.0 = Debug|Any CPU
		{635E882B-BC8F-4940-8737-EE94E73A8E2E}.Debug|x86.ActiveCfg = Debug|Any CPU
		{635E882B-BC8F-4940-8737-EE94E73A8E2E}.Debug|x86.Build.0 = Debug|Any CPU
		{635E882B-BC8F-4940-8737-EE94E73A8E2E}.Release|Any CPU.ActiveCfg = Release|Any CPU
		{635E882B-BC8F-4940-8737-EE94E73A8E2E}.Release|Any CPU.Build.0 = Release|Any CPU
		{635E882B-BC8F-4940-8737-EE94E73A8E2E}.Release|x64.ActiveCfg = Release|Any CPU
		{635E882B-BC8F-4940-8737-EE94E73A8E2E}.Release|x64.Build.0 = Release|Any CPU
		{635E882B-BC8F-4940-8737-EE94E73A8E2E}.Release|x86.ActiveCfg = Release|Any CPU
		{635E882B-BC8F-4940-8737-EE94E73A8E2E}.Release|x86.Build.0 = Release|Any CPU
	EndGlobalSection
	GlobalSection(SolutionProperties) = preSolution
		HideSolutionNode = FALSE
	EndGlobalSection
	GlobalSection(NestedProjects) = preSolution
		{AAF2E0C1-0C47-4576-A009-73B4C9B290E6} = {827E0CD3-B72D-47B6-A68D-7590B98EB39B}
		{C8E42992-5E42-0C2B-DBFE-AA848D06431C} = {827E0CD3-B72D-47B6-A68D-7590B98EB39B}
		{BFF5F9B4-CECA-4367-8AB1-C814246B4298} = {C8E42992-5E42-0C2B-DBFE-AA848D06431C}
		{F0F66A71-2816-4DDC-BD3E-F79593DD6448} = {C8E42992-5E42-0C2B-DBFE-AA848D06431C}
		{EC447DCF-ABFA-6E24-52A5-D7FD48A5C558} = {827E0CD3-B72D-47B6-A68D-7590B98EB39B}
		{F528E1F6-8C1D-A641-996D-DF841B26501A} = {EC447DCF-ABFA-6E24-52A5-D7FD48A5C558}
		{FF8B8571-2420-4017-BBEA-8CC0F9467FA6} = {F528E1F6-8C1D-A641-996D-DF841B26501A}
		{BF69C7F8-8C6F-42EC-B11B-EE5D643E10A9} = {F528E1F6-8C1D-A641-996D-DF841B26501A}
		{F0F02F77-5E64-408D-A7D8-EBB9ECF02AE6} = {F528E1F6-8C1D-A641-996D-DF841B26501A}
		{8C754384-E9EB-285B-20DF-A7D1CC7A0B5A} = {EC447DCF-ABFA-6E24-52A5-D7FD48A5C558}
		{4F4F6455-E2B8-46B5-A398-7372E967558A} = {8C754384-E9EB-285B-20DF-A7D1CC7A0B5A}
		{CFBDD352-F1B0-40E9-A01F-B2C18E844007} = {8C754384-E9EB-285B-20DF-A7D1CC7A0B5A}
		{596C3C1B-5E8E-4AF6-8A2B-2B28517C83D4} = {8C754384-E9EB-285B-20DF-A7D1CC7A0B5A}
		{9A5800FD-E943-8F30-6A33-6DF01C22FF89} = {EC447DCF-ABFA-6E24-52A5-D7FD48A5C558}
		{C3E10998-83C5-4A32-A974-3A46797FE9DB} = {9A5800FD-E943-8F30-6A33-6DF01C22FF89}
		{074BC629-289F-43DA-A1F9-51CB446FD76D} = {9A5800FD-E943-8F30-6A33-6DF01C22FF89}
		{A6472108-596B-415B-89AB-35FDF19F2610} = {9A5800FD-E943-8F30-6A33-6DF01C22FF89}
		{61DCC6D7-ECE4-129F-6A42-39B2DD414C68} = {EC447DCF-ABFA-6E24-52A5-D7FD48A5C558}
		{C7DE31DA-F585-4487-A9FB-4995C228C7FA} = {61DCC6D7-ECE4-129F-6A42-39B2DD414C68}
		{4F295C00-80EA-4288-8D23-B46DDB7E1285} = {61DCC6D7-ECE4-129F-6A42-39B2DD414C68}
		{79CC6A6F-10F1-424A-8305-8137D1F52F34} = {61DCC6D7-ECE4-129F-6A42-39B2DD414C68}
		{6EBCFD33-7D2C-6F0C-B60B-6B70B57F5713} = {EC447DCF-ABFA-6E24-52A5-D7FD48A5C558}
		{33B165E0-195D-47C9-82A1-67057BBC731A} = {6EBCFD33-7D2C-6F0C-B60B-6B70B57F5713}
		{E34A94E5-307F-4FBD-B2E2-79B7676BAE78} = {6EBCFD33-7D2C-6F0C-B60B-6B70B57F5713}
		{7245F414-3BB2-4CE3-9143-D78235F84693} = {6EBCFD33-7D2C-6F0C-B60B-6B70B57F5713}
		{5B4949C4-60F7-B0DA-08B2-116E43E6DF0E} = {EC447DCF-ABFA-6E24-52A5-D7FD48A5C558}
		{CA5385E4-9228-4E19-9ADC-2761B7063CA7} = {5B4949C4-60F7-B0DA-08B2-116E43E6DF0E}
		{6299CB85-7222-4F84-8F52-B3B0F8F007F2} = {5B4949C4-60F7-B0DA-08B2-116E43E6DF0E}
		{B0FB185B-749D-4D92-A1ED-96B9C571E825} = {5B4949C4-60F7-B0DA-08B2-116E43E6DF0E}
		{D2CAED6B-FC59-4178-6320-5EDC21A9F743} = {EC447DCF-ABFA-6E24-52A5-D7FD48A5C558}
		{A8C7E2AE-E7DF-459F-901C-E6CD02119EF6} = {D2CAED6B-FC59-4178-6320-5EDC21A9F743}
		{0ADC059D-3BBE-4869-8D46-27901F30F174} = {D2CAED6B-FC59-4178-6320-5EDC21A9F743}
		{7722EB96-6AC9-45F8-AA36-2BB0F1645EA1} = {D2CAED6B-FC59-4178-6320-5EDC21A9F743}
		{981520C5-C4A1-C200-0F0F-BFA3F127FA90} = {EC447DCF-ABFA-6E24-52A5-D7FD48A5C558}
		{154CE559-8D77-43F3-9F71-1A922C27B6D4} = {981520C5-C4A1-C200-0F0F-BFA3F127FA90}
		{41A2E241-A7B3-4A50-BB16-AE31E988CFF5} = {981520C5-C4A1-C200-0F0F-BFA3F127FA90}
		{9A376FEB-51AF-40C4-A7C8-8E97CDDA942C} = {981520C5-C4A1-C200-0F0F-BFA3F127FA90}
		{3BEEE060-D29F-4741-8615-4E503F58E4B4} = {C8E42992-5E42-0C2B-DBFE-AA848D06431C}
		{1E1EF545-4C18-AEE2-B997-7EF431518D3F} = {EC447DCF-ABFA-6E24-52A5-D7FD48A5C558}
		{4B1EBED2-D517-406B-AEAF-FFCFF5779783} = {1E1EF545-4C18-AEE2-B997-7EF431518D3F}
		{5CE33A57-86FA-4DB1-A77A-A36B4148B8A8} = {1E1EF545-4C18-AEE2-B997-7EF431518D3F}
		{635E882B-BC8F-4940-8737-EE94E73A8E2E} = {1E1EF545-4C18-AEE2-B997-7EF431518D3F}
	EndGlobalSection
EndGlobal
